{
    "_meta": {
        "hash": {
            "sha256": "65ef96b7cfc17aa9c0d625f9fdf5eda9d3c37cb7799ec5f47bfd5bf8691179a2"
        },
        "requires": {},
        "sources": [
            {
                "url": "https://pypi.python.org/simple",
                "verify_ssl": true
            }
        ]
    },
    "default": {
        "Flask": {
            "hash": "sha256:7f03bb2c255452444f7265eddb51601806e5447b6f8a2d50bbc77a654a14c118",
            "version": "==0.12"
        },
        "Flask-Login": {
            "hash": "sha256:f9149b63ec6b32aec44acb061ad851eb4eb065e742341147d116d69f8e35ae2b",
            "version": "==0.4.0"
        },
        "Flask-WTF": {
            "hash": "sha256:d9a9e366b32dcbb98ef17228e76be15702cd2600675668bca23f63a7947fd5ac",
            "version": "==0.14.2"
        },
        "Jinja2": {
            "hash": "sha256:a7b7438120dbe76a8e735ef7eba6048eaf4e0b7dbc530e100812f8ec462a4d50",
            "version": "==2.9.5"
        },
        "MarkupSafe": {
            "hash": "sha256:a6be69091dac236ea9c6bc7d012beab42010fa914c459791d627dad4910eb665",
            "version": "==1.0"
        },
        "Pyrebase": {
            "hash": "sha256:a80f9d2a1b29f3c4eb2b6968d87b3282666dfcd8cbacd7e586b48d9609916463",
            "version": "==3.0.27"
        },
        "WTForms": {
            "hash": "sha256:ffdf10bd1fa565b8233380cb77a304cd36fd55c73023e91d4b803c96bc11d46f",
            "version": "==2.1"
        },
        "Werkzeug": {
            "hash": "sha256:918322630c58fa52b89e14c45de3ad78514e18928dac726060bb89cd647f6b83",
            "version": "==0.12.1"
        },
        "appdirs": {
            "hash": "sha256:d8b24664561d0d34ddfaec54636d502d7cea6e29c3eaf68f3df6180863e2166e",
            "version": "==1.4.3"
        },
        "argparse": {
            "hash": "sha256:ddaf4b0a618335a32b6664d4ae038a1de8fbada3b25033f9021510ed2b3941a4",
            "version": "==1.2.1"
        },
        "click": {
            "hash": "sha256:29f99fc6125fbc931b758dc053b3114e55c77a6e4c6c3a2674a2dc986016381d",
            "version": "==6.7"
        },
        "gcloud": {
            "hash": "sha256:3371992c738cee83a9bf67230e434c811428fcccbcb607696f2d4f76dd0a157e",
            "version": "==0.17.0"
        },
        "googleapis-common-protos": {
            "hash": "sha256:f94cc66efba677a086b8b17b1240239433495b77631cd410f70151a8ff14435d",
            "version": "==1.5.2"
        },
        "httplib2": {
            "hash": "sha256:e404d3b7bd86c1bc931906098e7c1305d6a3a6dcef141b8bb1059903abb3ceeb",
            "version": "==0.10.3"
        },
        "itsdangerous": {
            "hash": "sha256:cbb3fcf8d3e33df861709ecaf89d9e6629cff0a217bc2848f1b41cd30d360519",
            "version": "==0.24"
        },
        "jws": {
            "hash": "sha256:0e3d4cb06ae7c5c1d16d357b4e7acb5c5ecab0cccb3a4b998035b85052488053",
            "version": "==0.1.3"
        },
        "oauth2client": {
            "hash": "sha256:5b5b056ec6f2304e7920b632885bd157fa71d1a7f3ddd00a43b1541a8d1a2460",
            "version": "==3.0.0"
        },
        "packaging": {
            "hash": "sha256:99276dc6e3a7851f32027a68f1095cd3f77c148091b092ea867a351811cfe388",
            "version": "==16.8"
        },
        "protobuf": {
            "hash": "sha256:55030bccd91a54836b9c551b99234f5efbc9721c8b93c80569fbe94aca0b9c35",
            "version": "==3.2.0"
        },
        "pyasn1": {
            "hash": "sha256:0439b9bd518418260c2641a571f0e07fce4370cab13b68f19b5e023306c03cad",
            "version": "==0.2.3"
        },
        "pyasn1-modules": {
            "hash": "sha256:6c955210b86fcff3420957072280560ddaf183aa761fb76240c20c322e01021d",
            "version": "==0.0.8"
        },
        "pycryptodome": {
            "hash": "sha256:4b1697b5787afe8e7fd81b96ff4501376f52cb80fc9dd684f6989ea3b69853f4",
            "version": "==3.4.3"
        },
        "pyparsing": {
            "hash": "sha256:fee43f17a9c4087e7ed1605bd6df994c6173c1e977d7ade7b651292fab2bd010",
            "version": "==2.2.0"
        },
        "python_jwt": {
            "hash": "sha256:6b2d334cfa8af8423d96bff45a00a7bc811d87f460d1e7f4732b3ae90220f02c",
            "version": "==2.0.1"
        },
        "requests": {
            "hash": "sha256:b5bd2e1b78d28051108ebaa6248750221f9ccef52b4f054cb727de61b0406de0",
            "version": "==2.2.1"
        },
        "requests-toolbelt": {
            "hash": "sha256:a0432b1124e6b33151ecf694497b4808690dd94ce68c6648c1daa63b771278c4",
            "version": "==0.7.0"
        },
        "rsa": {
            "hash": "sha256:43f682fea81c452c98d09fc316aae12de6d30c4b5c84226642cf8f8fd1c93abd",
            "version": "==3.4.2"
        },
        "setuptools": {
            "hash": "sha256:e436d8c9dcf67ea8902bfa7cce1ef698f36bf303f13b4f62a5668891ecd380dd",
            "version": "==34.3.3"
        },
        "six": {
            "hash": "sha256:0ff78c403d9bccf5a425a6d31a12aa6b47f1c21ca4dc2573a7e2f32a97335eb1",
            "version": "==1.10.0"
        }
    },
    "develop": {}
}